
Microsoft Visual Studio Solution File, Format Version 12.00
# Visual Studio Version 17
VisualStudioVersion = 17.7.34031.279
MinimumVisualStudioVersion = 10.0.40219.1
Project("{9A19103F-16F7-4668-BE54-9A1E7A4F7556}") = "KudTentProjekat", "KudTentProjekat\KudTentProjekat.csproj", "{03A2D31D-E028-4DAB-9115-EEDCEEDF05D6}"
EndProject
Project("{2150E333-8FDC-42A3-9474-1A3956D46DE8}") = "Documentation", "Documentation", "{22A6FCB3-135F-4691-BF50-F651FE6DE36C}"
EndProject
Global
	GlobalSection(SolutionConfigurationPlatforms) = preSolution
		Debug|Any CPU = Debug|Any CPU
		Release|Any CPU = Release|Any CPU
	EndGlobalSection
	GlobalSection(ProjectConfigurationPlatforms) = postSolution
		{03A2D31D-E028-4DAB-9115-EEDCEEDF05D6}.Debug|Any CPU.ActiveCfg = Debug|Any CPU
		{03A2D31D-E028-4DAB-9115-EEDCEEDF05D6}.Debug|Any CPU.Build.0 = Debug|Any CPU
		{03A2D31D-E028-4DAB-9115-EEDCEEDF05D6}.Release|Any CPU.ActiveCfg = Release|Any CPU
		{03A2D31D-E028-4DAB-9115-EEDCEEDF05D6}.Release|Any CPU.Build.0 = Release|Any CPU
	EndGlobalSection
	GlobalSection(SolutionProperties) = preSolution
		HideSolutionNode = FALSE
	EndGlobalSection
	GlobalSection(ExtensibilityGlobals) = postSolution
		SolutionGuid = {96DE8409-C655-4FDD-87BD-B18FB24473C2}
	EndGlobalSection
EndGlobal
