
Microsoft Visual Studio Solution File, Format Version 12.00
# Visual Studio Version 16
VisualStudioVersion = 16.0.33214.272
MinimumVisualStudioVersion = 10.0.40219.1
Project("{FAE04EC0-301F-11D3-BF4B-00C04F79EFBC}") = "KudTentProjekat", "KudTentProjekat\KudTentProjekat.csproj", "{03A2D31D-E028-4DAB-9115-EEDCEEDF05D6}"
EndProject
Global
	GlobalSection(SolutionConfigurationPlatforms) = preSolution
		Debug|Any CPU = Debug|Any CPU
		Release|Any CPU = Release|Any CPU
	EndGlobalSection
	GlobalSection(ProjectConfigurationPlatforms) = postSolution
		{03A2D31D-E028-4DAB-9115-EEDCEEDF05D6}.Debug|Any CPU.ActiveCfg = Debug|Any CPU
		{03A2D31D-E028-4DAB-9115-EEDCEEDF05D6}.Debug|Any CPU.Build.0 = Debug|Any CPU
		{03A2D31D-E028-4DAB-9115-EEDCEEDF05D6}.Release|Any CPU.ActiveCfg = Release|Any CPU
		{03A2D31D-E028-4DAB-9115-EEDCEEDF05D6}.Release|Any CPU.Build.0 = Release|Any CPU
	EndGlobalSection
	GlobalSection(SolutionProperties) = preSolution
		HideSolutionNode = FALSE
	EndGlobalSection
	GlobalSection(ExtensibilityGlobals) = postSolution
		SolutionGuid = {96DE8409-C655-4FDD-87BD-B18FB24473C2}
	EndGlobalSection
EndGlobal
